
Microsoft Visual Studio Solution File, Format Version 12.00
# Visual Studio Version 16
VisualStudioVersion = 16.0.33027.164
MinimumVisualStudioVersion = 10.0.40219.1
Project("{FAE04EC0-301F-11D3-BF4B-00C04F79EFBC}") = "Lab1", "Lab1\Lab1.csproj", "{AB3C7EBF-4440-4505-AD30-830AC5C00EE8}"
EndProject
Global
	GlobalSection(SolutionConfigurationPlatforms) = preSolution
		Debug|Any CPU = Debug|Any CPU
		Release|Any CPU = Release|Any CPU
	EndGlobalSection
	GlobalSection(ProjectConfigurationPlatforms) = postSolution
		{AB3C7EBF-4440-4505-AD30-830AC5C00EE8}.Debug|Any CPU.ActiveCfg = Debug|Any CPU
		{AB3C7EBF-4440-4505-AD30-830AC5C00EE8}.Debug|Any CPU.Build.0 = Debug|Any CPU
		{AB3C7EBF-4440-4505-AD30-830AC5C00EE8}.Release|Any CPU.ActiveCfg = Release|Any CPU
		{AB3C7EBF-4440-4505-AD30-830AC5C00EE8}.Release|Any CPU.Build.0 = Release|Any CPU
	EndGlobalSection
	GlobalSection(SolutionProperties) = preSolution
		HideSolutionNode = FALSE
	EndGlobalSection
	GlobalSection(ExtensibilityGlobals) = postSolution
		SolutionGuid = {5FB99DBF-98C9-47B8-822E-2247C7ED3779}
	EndGlobalSection
EndGlobal
